// !$*UTF8*$!
{
	archiveVersion = 1;
	classes = {
	};
	objectVersion = 48;
	objects = {

/* Begin PBXBuildFile section */
		053AE3671FBE1B5100B83B65 /* AppDelegate.swift in Sources */ = {isa = PBXBuildFile; fileRef = 053AE3661FBE1B5100B83B65 /* AppDelegate.swift */; };
		053AE3691FBE1B5100B83B65 /* LogInViewController.swift in Sources */ = {isa = PBXBuildFile; fileRef = 053AE3681FBE1B5100B83B65 /* LogInViewController.swift */; };
		053AE36C1FBE1B5100B83B65 /* Main.storyboard in Resources */ = {isa = PBXBuildFile; fileRef = 053AE36A1FBE1B5100B83B65 /* Main.storyboard */; };
		053AE36E1FBE1B5100B83B65 /* Assets.xcassets in Resources */ = {isa = PBXBuildFile; fileRef = 053AE36D1FBE1B5100B83B65 /* Assets.xcassets */; };
		053AE3711FBE1B5100B83B65 /* LaunchScreen.storyboard in Resources */ = {isa = PBXBuildFile; fileRef = 053AE36F1FBE1B5100B83B65 /* LaunchScreen.storyboard */; };
		053AE37C1FBE1B5100B83B65 /* DateCourseTests.swift in Sources */ = {isa = PBXBuildFile; fileRef = 053AE37B1FBE1B5100B83B65 /* DateCourseTests.swift */; };
		053AE3871FBE1B5100B83B65 /* DateCourseUITests.swift in Sources */ = {isa = PBXBuildFile; fileRef = 053AE3861FBE1B5100B83B65 /* DateCourseUITests.swift */; };
		053AE3971FBE3AF700B83B65 /* SignUpViewController.swift in Sources */ = {isa = PBXBuildFile; fileRef = 053AE3961FBE3AF700B83B65 /* SignUpViewController.swift */; };
		053AE3AB1FBEDF7600B83B65 /* GoogleService-Info.plist in Resources */ = {isa = PBXBuildFile; fileRef = 053AE3AA1FBEDF7600B83B65 /* GoogleService-Info.plist */; };
		053D9F161FD1F501007A883F /* ItineraryCell.swift in Sources */ = {isa = PBXBuildFile; fileRef = 053D9F151FD1F501007A883F /* ItineraryCell.swift */; };
		053E4A1D20B784650005E0E4 /* User.swift in Sources */ = {isa = PBXBuildFile; fileRef = 053E4A1C20B784650005E0E4 /* User.swift */; };
		053E4A1F20B78AB30005E0E4 /* TempViewController.swift in Sources */ = {isa = PBXBuildFile; fileRef = 053E4A1E20B78AB30005E0E4 /* TempViewController.swift */; };
		0564AF7D2068B338006581E3 /* FirebaseClient.swift in Sources */ = {isa = PBXBuildFile; fileRef = 0564AF7C2068B338006581E3 /* FirebaseClient.swift */; };
		0564AF7F206A2FDD006581E3 /* SectionHeaderView.swift in Sources */ = {isa = PBXBuildFile; fileRef = 0564AF7E206A2FDD006581E3 /* SectionHeaderView.swift */; };
		0574635C1FC90FF000ACCF7A /* addCourseItinerary.swift in Sources */ = {isa = PBXBuildFile; fileRef = 0574635B1FC90FF000ACCF7A /* addCourseItinerary.swift */; };
		0574635E1FCA5ABB00ACCF7A /* CourseInfoMapViewController.swift in Sources */ = {isa = PBXBuildFile; fileRef = 0574635D1FCA5ABB00ACCF7A /* CourseInfoMapViewController.swift */; };
		057463601FCA5AC800ACCF7A /* CourseInfoItineraryViewController.swift in Sources */ = {isa = PBXBuildFile; fileRef = 0574635F1FCA5AC800ACCF7A /* CourseInfoItineraryViewController.swift */; };
		057463621FCB683C00ACCF7A /* test.swift in Sources */ = {isa = PBXBuildFile; fileRef = 057463611FCB683C00ACCF7A /* test.swift */; };
		057463641FCB87F300ACCF7A /* CoreLocation.framework in Frameworks */ = {isa = PBXBuildFile; fileRef = 057463631FCB87F300ACCF7A /* CoreLocation.framework */; };
		057FC1A62135278600D528EE /* CustomImageView.swift in Sources */ = {isa = PBXBuildFile; fileRef = 057FC1A52135278600D528EE /* CustomImageView.swift */; };
		0586B4B820B50DC700C8C634 /* EmptyVCViewController.swift in Sources */ = {isa = PBXBuildFile; fileRef = 0586B4B720B50DC700C8C634 /* EmptyVCViewController.swift */; };
		0586B4BA20B5141C00C8C634 /* MainTabBarController.swift in Sources */ = {isa = PBXBuildFile; fileRef = 0586B4B920B5141C00C8C634 /* MainTabBarController.swift */; };
		05900FE12065AB8300601D07 /* CourseCollectionViewCell.swift in Sources */ = {isa = PBXBuildFile; fileRef = 05900FE02065AB8300601D07 /* CourseCollectionViewCell.swift */; };
		05BEFC7B1FC2C7EC00A6EE0E /* MainViewController.swift in Sources */ = {isa = PBXBuildFile; fileRef = 05BEFC7A1FC2C7EC00A6EE0E /* MainViewController.swift */; };
		05BFC1F41FC80BE90029BC2C /* CourseData.swift in Sources */ = {isa = PBXBuildFile; fileRef = 05BFC1F31FC80BE90029BC2C /* CourseData.swift */; };
		05BFC1F81FC810720029BC2C /* CourseCell.swift in Sources */ = {isa = PBXBuildFile; fileRef = 05BFC1F71FC810720029BC2C /* CourseCell.swift */; };
		05BFC1FA1FC898F80029BC2C /* DataModel.swift in Sources */ = {isa = PBXBuildFile; fileRef = 05BFC1F91FC898F80029BC2C /* DataModel.swift */; };
		05BFC1FC1FC909560029BC2C /* addCourseMap.swift in Sources */ = {isa = PBXBuildFile; fileRef = 05BFC1FB1FC909560029BC2C /* addCourseMap.swift */; };
		05F0D62C21371F0F004D8339 /* CurrentItinerary.swift in Sources */ = {isa = PBXBuildFile; fileRef = 05F0D62B21371F0F004D8339 /* CurrentItinerary.swift */; };
		0A6D09C99FFF7E45B356C2F6 /* Pods_DateCourse.framework in Frameworks */ = {isa = PBXBuildFile; fileRef = 5751955E2A2EF6F05457ED41 /* Pods_DateCourse.framework */; };
		9BA8082A9D5D8E6580A5B8C8 /* Pods_DateCourseUITests.framework in Frameworks */ = {isa = PBXBuildFile; fileRef = 009545DCF95E7CE6F7983C4F /* Pods_DateCourseUITests.framework */; };
		C27A7A8B392009E70E9F490F /* Pods_DateCourseTests.framework in Frameworks */ = {isa = PBXBuildFile; fileRef = 2973323F0242A3139582E962 /* Pods_DateCourseTests.framework */; };
/* End PBXBuildFile section */

/* Begin PBXContainerItemProxy section */
		053AE3781FBE1B5100B83B65 /* PBXContainerItemProxy */ = {
			isa = PBXContainerItemProxy;
			containerPortal = 053AE35B1FBE1B5100B83B65 /* Project object */;
			proxyType = 1;
			remoteGlobalIDString = 053AE3621FBE1B5100B83B65;
			remoteInfo = DateCourse;
		};
		053AE3831FBE1B5100B83B65 /* PBXContainerItemProxy */ = {
			isa = PBXContainerItemProxy;
			containerPortal = 053AE35B1FBE1B5100B83B65 /* Project object */;
			proxyType = 1;
			remoteGlobalIDString = 053AE3621FBE1B5100B83B65;
			remoteInfo = DateCourse;
		};
/* End PBXContainerItemProxy section */

/* Begin PBXFileReference section */
		009545DCF95E7CE6F7983C4F /* Pods_DateCourseUITests.framework */ = {isa = PBXFileReference; explicitFileType = wrapper.framework; includeInIndex = 0; path = Pods_DateCourseUITests.framework; sourceTree = BUILT_PRODUCTS_DIR; };
		053AE3631FBE1B5100B83B65 /* DateCourse.app */ = {isa = PBXFileReference; explicitFileType = wrapper.application; includeInIndex = 0; path = DateCourse.app; sourceTree = BUILT_PRODUCTS_DIR; };
		053AE3661FBE1B5100B83B65 /* AppDelegate.swift */ = {isa = PBXFileReference; lastKnownFileType = sourcecode.swift; path = AppDelegate.swift; sourceTree = "<group>"; };
		053AE3681FBE1B5100B83B65 /* LogInViewController.swift */ = {isa = PBXFileReference; lastKnownFileType = sourcecode.swift; path = LogInViewController.swift; sourceTree = "<group>"; };
		053AE36B1FBE1B5100B83B65 /* Base */ = {isa = PBXFileReference; lastKnownFileType = file.storyboard; name = Base; path = Base.lproj/Main.storyboard; sourceTree = "<group>"; };
		053AE36D1FBE1B5100B83B65 /* Assets.xcassets */ = {isa = PBXFileReference; lastKnownFileType = folder.assetcatalog; path = Assets.xcassets; sourceTree = "<group>"; };
		053AE3701FBE1B5100B83B65 /* Base */ = {isa = PBXFileReference; lastKnownFileType = file.storyboard; name = Base; path = Base.lproj/LaunchScreen.storyboard; sourceTree = "<group>"; };
		053AE3721FBE1B5100B83B65 /* Info.plist */ = {isa = PBXFileReference; lastKnownFileType = text.plist.xml; path = Info.plist; sourceTree = "<group>"; };
		053AE3771FBE1B5100B83B65 /* DateCourseTests.xctest */ = {isa = PBXFileReference; explicitFileType = wrapper.cfbundle; includeInIndex = 0; path = DateCourseTests.xctest; sourceTree = BUILT_PRODUCTS_DIR; };
		053AE37B1FBE1B5100B83B65 /* DateCourseTests.swift */ = {isa = PBXFileReference; lastKnownFileType = sourcecode.swift; path = DateCourseTests.swift; sourceTree = "<group>"; };
		053AE37D1FBE1B5100B83B65 /* Info.plist */ = {isa = PBXFileReference; lastKnownFileType = text.plist.xml; path = Info.plist; sourceTree = "<group>"; };
		053AE3821FBE1B5100B83B65 /* DateCourseUITests.xctest */ = {isa = PBXFileReference; explicitFileType = wrapper.cfbundle; includeInIndex = 0; path = DateCourseUITests.xctest; sourceTree = BUILT_PRODUCTS_DIR; };
		053AE3861FBE1B5100B83B65 /* DateCourseUITests.swift */ = {isa = PBXFileReference; lastKnownFileType = sourcecode.swift; path = DateCourseUITests.swift; sourceTree = "<group>"; };
		053AE3881FBE1B5100B83B65 /* Info.plist */ = {isa = PBXFileReference; lastKnownFileType = text.plist.xml; path = Info.plist; sourceTree = "<group>"; };
		053AE3961FBE3AF700B83B65 /* SignUpViewController.swift */ = {isa = PBXFileReference; lastKnownFileType = sourcecode.swift; path = SignUpViewController.swift; sourceTree = "<group>"; };
		053AE3AA1FBEDF7600B83B65 /* GoogleService-Info.plist */ = {isa = PBXFileReference; fileEncoding = 4; lastKnownFileType = text.plist.xml; path = "GoogleService-Info.plist"; sourceTree = "<group>"; };
		053D9F151FD1F501007A883F /* ItineraryCell.swift */ = {isa = PBXFileReference; lastKnownFileType = sourcecode.swift; path = ItineraryCell.swift; sourceTree = "<group>"; };
		053E4A1C20B784650005E0E4 /* User.swift */ = {isa = PBXFileReference; lastKnownFileType = sourcecode.swift; path = User.swift; sourceTree = "<group>"; };
		053E4A1E20B78AB30005E0E4 /* TempViewController.swift */ = {isa = PBXFileReference; lastKnownFileType = sourcecode.swift; path = TempViewController.swift; sourceTree = "<group>"; };
		0564AF7C2068B338006581E3 /* FirebaseClient.swift */ = {isa = PBXFileReference; lastKnownFileType = sourcecode.swift; path = FirebaseClient.swift; sourceTree = "<group>"; };
		0564AF7E206A2FDD006581E3 /* SectionHeaderView.swift */ = {isa = PBXFileReference; lastKnownFileType = sourcecode.swift; path = SectionHeaderView.swift; sourceTree = "<group>"; };
		0574635B1FC90FF000ACCF7A /* addCourseItinerary.swift */ = {isa = PBXFileReference; lastKnownFileType = sourcecode.swift; path = addCourseItinerary.swift; sourceTree = "<group>"; };
		0574635D1FCA5ABB00ACCF7A /* CourseInfoMapViewController.swift */ = {isa = PBXFileReference; lastKnownFileType = sourcecode.swift; path = CourseInfoMapViewController.swift; sourceTree = "<group>"; };
		0574635F1FCA5AC800ACCF7A /* CourseInfoItineraryViewController.swift */ = {isa = PBXFileReference; lastKnownFileType = sourcecode.swift; path = CourseInfoItineraryViewController.swift; sourceTree = "<group>"; };
		057463611FCB683C00ACCF7A /* test.swift */ = {isa = PBXFileReference; lastKnownFileType = sourcecode.swift; path = test.swift; sourceTree = "<group>"; };
		057463631FCB87F300ACCF7A /* CoreLocation.framework */ = {isa = PBXFileReference; lastKnownFileType = wrapper.framework; name = CoreLocation.framework; path = System/Library/Frameworks/CoreLocation.framework; sourceTree = SDKROOT; };
		057FC1A52135278600D528EE /* CustomImageView.swift */ = {isa = PBXFileReference; lastKnownFileType = sourcecode.swift; path = CustomImageView.swift; sourceTree = "<group>"; };
		0586B4B720B50DC700C8C634 /* EmptyVCViewController.swift */ = {isa = PBXFileReference; lastKnownFileType = sourcecode.swift; path = EmptyVCViewController.swift; sourceTree = "<group>"; };
		0586B4B920B5141C00C8C634 /* MainTabBarController.swift */ = {isa = PBXFileReference; lastKnownFileType = sourcecode.swift; name = MainTabBarController.swift; path = DateCourse/View/ViewController/MainTabBarController.swift; sourceTree = SOURCE_ROOT; };
		05900FE02065AB8300601D07 /* CourseCollectionViewCell.swift */ = {isa = PBXFileReference; lastKnownFileType = sourcecode.swift; path = CourseCollectionViewCell.swift; sourceTree = "<group>"; };
		05BEFC7A1FC2C7EC00A6EE0E /* MainViewController.swift */ = {isa = PBXFileReference; lastKnownFileType = sourcecode.swift; path = MainViewController.swift; sourceTree = "<group>"; };
		05BFC1F31FC80BE90029BC2C /* CourseData.swift */ = {isa = PBXFileReference; lastKnownFileType = sourcecode.swift; path = CourseData.swift; sourceTree = "<group>"; };
		05BFC1F71FC810720029BC2C /* CourseCell.swift */ = {isa = PBXFileReference; lastKnownFileType = sourcecode.swift; path = CourseCell.swift; sourceTree = "<group>"; };
		05BFC1F91FC898F80029BC2C /* DataModel.swift */ = {isa = PBXFileReference; lastKnownFileType = sourcecode.swift; path = DataModel.swift; sourceTree = "<group>"; };
		05BFC1FB1FC909560029BC2C /* addCourseMap.swift */ = {isa = PBXFileReference; lastKnownFileType = sourcecode.swift; path = addCourseMap.swift; sourceTree = "<group>"; };
		05F0D62B21371F0F004D8339 /* CurrentItinerary.swift */ = {isa = PBXFileReference; lastKnownFileType = sourcecode.swift; path = CurrentItinerary.swift; sourceTree = "<group>"; };
		0656A0882E06480735CD7E7E /* Pods-DateCourse.debug.xcconfig */ = {isa = PBXFileReference; includeInIndex = 1; lastKnownFileType = text.xcconfig; name = "Pods-DateCourse.debug.xcconfig"; path = "Pods/Target Support Files/Pods-DateCourse/Pods-DateCourse.debug.xcconfig"; sourceTree = "<group>"; };
		099F0EB2152B2C590C9E3FFF /* Pods-DateCourseUITests.debug.xcconfig */ = {isa = PBXFileReference; includeInIndex = 1; lastKnownFileType = text.xcconfig; name = "Pods-DateCourseUITests.debug.xcconfig"; path = "Pods/Target Support Files/Pods-DateCourseUITests/Pods-DateCourseUITests.debug.xcconfig"; sourceTree = "<group>"; };
		2973323F0242A3139582E962 /* Pods_DateCourseTests.framework */ = {isa = PBXFileReference; explicitFileType = wrapper.framework; includeInIndex = 0; path = Pods_DateCourseTests.framework; sourceTree = BUILT_PRODUCTS_DIR; };
		3AB8CDEB0197C7CEB5AEEB24 /* Pods-DateCourseTests.release.xcconfig */ = {isa = PBXFileReference; includeInIndex = 1; lastKnownFileType = text.xcconfig; name = "Pods-DateCourseTests.release.xcconfig"; path = "Pods/Target Support Files/Pods-DateCourseTests/Pods-DateCourseTests.release.xcconfig"; sourceTree = "<group>"; };
		5751955E2A2EF6F05457ED41 /* Pods_DateCourse.framework */ = {isa = PBXFileReference; explicitFileType = wrapper.framework; includeInIndex = 0; path = Pods_DateCourse.framework; sourceTree = BUILT_PRODUCTS_DIR; };
		B1F458BD997E4823773FE75F /* Pods-DateCourseUITests.release.xcconfig */ = {isa = PBXFileReference; includeInIndex = 1; lastKnownFileType = text.xcconfig; name = "Pods-DateCourseUITests.release.xcconfig"; path = "Pods/Target Support Files/Pods-DateCourseUITests/Pods-DateCourseUITests.release.xcconfig"; sourceTree = "<group>"; };
		CCDB6419DE974DF07CC0992D /* Pods-DateCourseTests.debug.xcconfig */ = {isa = PBXFileReference; includeInIndex = 1; lastKnownFileType = text.xcconfig; name = "Pods-DateCourseTests.debug.xcconfig"; path = "Pods/Target Support Files/Pods-DateCourseTests/Pods-DateCourseTests.debug.xcconfig"; sourceTree = "<group>"; };
		F2F69095E5DAA653C4FBE3CE /* Pods-DateCourse.release.xcconfig */ = {isa = PBXFileReference; includeInIndex = 1; lastKnownFileType = text.xcconfig; name = "Pods-DateCourse.release.xcconfig"; path = "Pods/Target Support Files/Pods-DateCourse/Pods-DateCourse.release.xcconfig"; sourceTree = "<group>"; };
/* End PBXFileReference section */

/* Begin PBXFrameworksBuildPhase section */
		053AE3601FBE1B5100B83B65 /* Frameworks */ = {
			isa = PBXFrameworksBuildPhase;
			buildActionMask = 2147483647;
			files = (
				057463641FCB87F300ACCF7A /* CoreLocation.framework in Frameworks */,
				0A6D09C99FFF7E45B356C2F6 /* Pods_DateCourse.framework in Frameworks */,
			);
			runOnlyForDeploymentPostprocessing = 0;
		};
		053AE3741FBE1B5100B83B65 /* Frameworks */ = {
			isa = PBXFrameworksBuildPhase;
			buildActionMask = 2147483647;
			files = (
				C27A7A8B392009E70E9F490F /* Pods_DateCourseTests.framework in Frameworks */,
			);
			runOnlyForDeploymentPostprocessing = 0;
		};
		053AE37F1FBE1B5100B83B65 /* Frameworks */ = {
			isa = PBXFrameworksBuildPhase;
			buildActionMask = 2147483647;
			files = (
				9BA8082A9D5D8E6580A5B8C8 /* Pods_DateCourseUITests.framework in Frameworks */,
			);
			runOnlyForDeploymentPostprocessing = 0;
		};
/* End PBXFrameworksBuildPhase section */

/* Begin PBXGroup section */
		053AE35A1FBE1B5100B83B65 = {
			isa = PBXGroup;
			children = (
				053AE3651FBE1B5100B83B65 /* DateCourse */,
				053AE37A1FBE1B5100B83B65 /* DateCourseTests */,
				053AE3851FBE1B5100B83B65 /* DateCourseUITests */,
				053AE3641FBE1B5100B83B65 /* Products */,
				A52361879917D1861963474F /* Pods */,
				C3B7596A1937C52DAEBBAD42 /* Frameworks */,
			);
			sourceTree = "<group>";
		};
		053AE3641FBE1B5100B83B65 /* Products */ = {
			isa = PBXGroup;
			children = (
				053AE3631FBE1B5100B83B65 /* DateCourse.app */,
				053AE3771FBE1B5100B83B65 /* DateCourseTests.xctest */,
				053AE3821FBE1B5100B83B65 /* DateCourseUITests.xctest */,
			);
			name = Products;
			sourceTree = "<group>";
		};
		053AE3651FBE1B5100B83B65 /* DateCourse */ = {
			isa = PBXGroup;
			children = (
				053AE3721FBE1B5100B83B65 /* Info.plist */,
				0586B4B620B4D27200C8C634 /* Model */,
				0586B4B520B4D26D00C8C634 /* View */,
				053AE36A1FBE1B5100B83B65 /* Main.storyboard */,
				053AE36F1FBE1B5100B83B65 /* LaunchScreen.storyboard */,
				057463611FCB683C00ACCF7A /* test.swift */,
				053E4A1920B7837B0005E0E4 /* Controller */,
			);
			path = DateCourse;
			sourceTree = "<group>";
		};
		053AE37A1FBE1B5100B83B65 /* DateCourseTests */ = {
			isa = PBXGroup;
			children = (
				053AE37B1FBE1B5100B83B65 /* DateCourseTests.swift */,
				053AE37D1FBE1B5100B83B65 /* Info.plist */,
			);
			path = DateCourseTests;
			sourceTree = "<group>";
		};
		053AE3851FBE1B5100B83B65 /* DateCourseUITests */ = {
			isa = PBXGroup;
			children = (
				053AE3861FBE1B5100B83B65 /* DateCourseUITests.swift */,
				053AE3881FBE1B5100B83B65 /* Info.plist */,
			);
			path = DateCourseUITests;
			sourceTree = "<group>";
		};
		053E4A1920B7837B0005E0E4 /* Controller */ = {
			isa = PBXGroup;
			children = (
				057FC1A32135275A00D528EE /* Extensions */,
				053AE3661FBE1B5100B83B65 /* AppDelegate.swift */,
				053AE36D1FBE1B5100B83B65 /* Assets.xcassets */,
				053AE3AA1FBEDF7600B83B65 /* GoogleService-Info.plist */,
			);
			path = Controller;
			sourceTree = "<group>";
		};
		053E4A1A20B783C30005E0E4 /* Cell */ = {
			isa = PBXGroup;
			children = (
				05BFC1F71FC810720029BC2C /* CourseCell.swift */,
				053D9F151FD1F501007A883F /* ItineraryCell.swift */,
				05900FE02065AB8300601D07 /* CourseCollectionViewCell.swift */,
				0564AF7E206A2FDD006581E3 /* SectionHeaderView.swift */,
			);
			path = Cell;
			sourceTree = "<group>";
		};
		053E4A1B20B783DF0005E0E4 /* ViewController */ = {
			isa = PBXGroup;
			children = (
				0586B4B920B5141C00C8C634 /* MainTabBarController.swift */,
				053AE3961FBE3AF700B83B65 /* SignUpViewController.swift */,
				053AE3681FBE1B5100B83B65 /* LogInViewController.swift */,
				05BEFC7A1FC2C7EC00A6EE0E /* MainViewController.swift */,
				05BFC1FB1FC909560029BC2C /* addCourseMap.swift */,
				0574635B1FC90FF000ACCF7A /* addCourseItinerary.swift */,
				0574635D1FCA5ABB00ACCF7A /* CourseInfoMapViewController.swift */,
				0574635F1FCA5AC800ACCF7A /* CourseInfoItineraryViewController.swift */,
				0586B4B720B50DC700C8C634 /* EmptyVCViewController.swift */,
				053E4A1E20B78AB30005E0E4 /* TempViewController.swift */,
			);
			path = ViewController;
			sourceTree = "<group>";
		};
		057FC1A32135275A00D528EE /* Extensions */ = {
			isa = PBXGroup;
			children = (
				057FC1A52135278600D528EE /* CustomImageView.swift */,
			);
			path = Extensions;
			sourceTree = "<group>";
		};
		057FC1A42135276600D528EE /* Views */ = {
			isa = PBXGroup;
			children = (
			);
			path = Views;
			sourceTree = "<group>";
		};
		0586B4B520B4D26D00C8C634 /* View */ = {
			isa = PBXGroup;
			children = (
				057FC1A42135276600D528EE /* Views */,
				053E4A1B20B783DF0005E0E4 /* ViewController */,
				053E4A1A20B783C30005E0E4 /* Cell */,
			);
			path = View;
			sourceTree = "<group>";
		};
		0586B4B620B4D27200C8C634 /* Model */ = {
			isa = PBXGroup;
			children = (
				05BFC1F91FC898F80029BC2C /* DataModel.swift */,
				0564AF7C2068B338006581E3 /* FirebaseClient.swift */,
				05BFC1F31FC80BE90029BC2C /* CourseData.swift */,
				053E4A1C20B784650005E0E4 /* User.swift */,
				05F0D62B21371F0F004D8339 /* CurrentItinerary.swift */,
			);
			path = Model;
			sourceTree = "<group>";
		};
		A52361879917D1861963474F /* Pods */ = {
			isa = PBXGroup;
			children = (
				0656A0882E06480735CD7E7E /* Pods-DateCourse.debug.xcconfig */,
				F2F69095E5DAA653C4FBE3CE /* Pods-DateCourse.release.xcconfig */,
				CCDB6419DE974DF07CC0992D /* Pods-DateCourseTests.debug.xcconfig */,
				3AB8CDEB0197C7CEB5AEEB24 /* Pods-DateCourseTests.release.xcconfig */,
				099F0EB2152B2C590C9E3FFF /* Pods-DateCourseUITests.debug.xcconfig */,
				B1F458BD997E4823773FE75F /* Pods-DateCourseUITests.release.xcconfig */,
			);
			name = Pods;
			sourceTree = "<group>";
		};
		C3B7596A1937C52DAEBBAD42 /* Frameworks */ = {
			isa = PBXGroup;
			children = (
				057463631FCB87F300ACCF7A /* CoreLocation.framework */,
				5751955E2A2EF6F05457ED41 /* Pods_DateCourse.framework */,
				2973323F0242A3139582E962 /* Pods_DateCourseTests.framework */,
				009545DCF95E7CE6F7983C4F /* Pods_DateCourseUITests.framework */,
			);
			name = Frameworks;
			sourceTree = "<group>";
		};
/* End PBXGroup section */

/* Begin PBXNativeTarget section */
		053AE3621FBE1B5100B83B65 /* DateCourse */ = {
			isa = PBXNativeTarget;
			buildConfigurationList = 053AE38B1FBE1B5100B83B65 /* Build configuration list for PBXNativeTarget "DateCourse" */;
			buildPhases = (
				2317A3758F5400572ADDC052 /* [CP] Check Pods Manifest.lock */,
				053AE35F1FBE1B5100B83B65 /* Sources */,
				053AE3601FBE1B5100B83B65 /* Frameworks */,
				053AE3611FBE1B5100B83B65 /* Resources */,
				4D4047CEB1A87BF241AEA8BB /* [CP] Embed Pods Frameworks */,
				467188203F2B104E9ECA3CE6 /* [CP] Copy Pods Resources */,
			);
			buildRules = (
			);
			dependencies = (
			);
			name = DateCourse;
			productName = DateCourse;
			productReference = 053AE3631FBE1B5100B83B65 /* DateCourse.app */;
			productType = "com.apple.product-type.application";
		};
		053AE3761FBE1B5100B83B65 /* DateCourseTests */ = {
			isa = PBXNativeTarget;
			buildConfigurationList = 053AE38E1FBE1B5100B83B65 /* Build configuration list for PBXNativeTarget "DateCourseTests" */;
			buildPhases = (
				1277EEB2D1491FDB8671805D /* [CP] Check Pods Manifest.lock */,
				053AE3731FBE1B5100B83B65 /* Sources */,
				053AE3741FBE1B5100B83B65 /* Frameworks */,
				053AE3751FBE1B5100B83B65 /* Resources */,
				568F2239426159F60AAD7172 /* [CP] Embed Pods Frameworks */,
				D859E9475C1FFC77E6F3CABA /* [CP] Copy Pods Resources */,
			);
			buildRules = (
			);
			dependencies = (
				053AE3791FBE1B5100B83B65 /* PBXTargetDependency */,
			);
			name = DateCourseTests;
			productName = DateCourseTests;
			productReference = 053AE3771FBE1B5100B83B65 /* DateCourseTests.xctest */;
			productType = "com.apple.product-type.bundle.unit-test";
		};
		053AE3811FBE1B5100B83B65 /* DateCourseUITests */ = {
			isa = PBXNativeTarget;
			buildConfigurationList = 053AE3911FBE1B5100B83B65 /* Build configuration list for PBXNativeTarget "DateCourseUITests" */;
			buildPhases = (
				E17706076A4DA29B35F15090 /* [CP] Check Pods Manifest.lock */,
				053AE37E1FBE1B5100B83B65 /* Sources */,
				053AE37F1FBE1B5100B83B65 /* Frameworks */,
				053AE3801FBE1B5100B83B65 /* Resources */,
				EFF283C89FB7FDDCB9C65CCE /* [CP] Embed Pods Frameworks */,
				D1E9D6C1E4613BE91F56785C /* [CP] Copy Pods Resources */,
			);
			buildRules = (
			);
			dependencies = (
				053AE3841FBE1B5100B83B65 /* PBXTargetDependency */,
			);
			name = DateCourseUITests;
			productName = DateCourseUITests;
			productReference = 053AE3821FBE1B5100B83B65 /* DateCourseUITests.xctest */;
			productType = "com.apple.product-type.bundle.ui-testing";
		};
/* End PBXNativeTarget section */

/* Begin PBXProject section */
		053AE35B1FBE1B5100B83B65 /* Project object */ = {
			isa = PBXProject;
			attributes = {
				LastSwiftUpdateCheck = 0900;
				LastUpgradeCheck = 0900;
				ORGANIZATIONNAME = "Gimin Moon";
				TargetAttributes = {
					053AE3621FBE1B5100B83B65 = {
						CreatedOnToolsVersion = 9.0.1;
						ProvisioningStyle = Automatic;
					};
					053AE3761FBE1B5100B83B65 = {
						CreatedOnToolsVersion = 9.0.1;
						ProvisioningStyle = Automatic;
						TestTargetID = 053AE3621FBE1B5100B83B65;
					};
					053AE3811FBE1B5100B83B65 = {
						CreatedOnToolsVersion = 9.0.1;
						ProvisioningStyle = Automatic;
						TestTargetID = 053AE3621FBE1B5100B83B65;
					};
				};
			};
			buildConfigurationList = 053AE35E1FBE1B5100B83B65 /* Build configuration list for PBXProject "DateCourse" */;
			compatibilityVersion = "Xcode 8.0";
			developmentRegion = en;
			hasScannedForEncodings = 0;
			knownRegions = (
				en,
				Base,
			);
			mainGroup = 053AE35A1FBE1B5100B83B65;
			productRefGroup = 053AE3641FBE1B5100B83B65 /* Products */;
			projectDirPath = "";
			projectRoot = "";
			targets = (
				053AE3621FBE1B5100B83B65 /* DateCourse */,
				053AE3761FBE1B5100B83B65 /* DateCourseTests */,
				053AE3811FBE1B5100B83B65 /* DateCourseUITests */,
			);
		};
/* End PBXProject section */

/* Begin PBXResourcesBuildPhase section */
		053AE3611FBE1B5100B83B65 /* Resources */ = {
			isa = PBXResourcesBuildPhase;
			buildActionMask = 2147483647;
			files = (
				053AE3711FBE1B5100B83B65 /* LaunchScreen.storyboard in Resources */,
				053AE3AB1FBEDF7600B83B65 /* GoogleService-Info.plist in Resources */,
				053AE36E1FBE1B5100B83B65 /* Assets.xcassets in Resources */,
				053AE36C1FBE1B5100B83B65 /* Main.storyboard in Resources */,
			);
			runOnlyForDeploymentPostprocessing = 0;
		};
		053AE3751FBE1B5100B83B65 /* Resources */ = {
			isa = PBXResourcesBuildPhase;
			buildActionMask = 2147483647;
			files = (
			);
			runOnlyForDeploymentPostprocessing = 0;
		};
		053AE3801FBE1B5100B83B65 /* Resources */ = {
			isa = PBXResourcesBuildPhase;
			buildActionMask = 2147483647;
			files = (
			);
			runOnlyForDeploymentPostprocessing = 0;
		};
/* End PBXResourcesBuildPhase section */

/* Begin PBXShellScriptBuildPhase section */
		1277EEB2D1491FDB8671805D /* [CP] Check Pods Manifest.lock */ = {
			isa = PBXShellScriptBuildPhase;
			buildActionMask = 2147483647;
			files = (
			);
			inputPaths = (
				"${PODS_PODFILE_DIR_PATH}/Podfile.lock",
				"${PODS_ROOT}/Manifest.lock",
			);
			name = "[CP] Check Pods Manifest.lock";
			outputPaths = (
				"$(DERIVED_FILE_DIR)/Pods-DateCourseTests-checkManifestLockResult.txt",
			);
			runOnlyForDeploymentPostprocessing = 0;
			shellPath = /bin/sh;
			shellScript = "diff \"${PODS_PODFILE_DIR_PATH}/Podfile.lock\" \"${PODS_ROOT}/Manifest.lock\" > /dev/null\nif [ $? != 0 ] ; then\n    # print error to STDERR\n    echo \"error: The sandbox is not in sync with the Podfile.lock. Run 'pod install' or update your CocoaPods installation.\" >&2\n    exit 1\nfi\n# This output is used by Xcode 'outputs' to avoid re-running this script phase.\necho \"SUCCESS\" > \"${SCRIPT_OUTPUT_FILE_0}\"\n";
			showEnvVarsInLog = 0;
		};
		2317A3758F5400572ADDC052 /* [CP] Check Pods Manifest.lock */ = {
			isa = PBXShellScriptBuildPhase;
			buildActionMask = 2147483647;
			files = (
			);
			inputPaths = (
				"${PODS_PODFILE_DIR_PATH}/Podfile.lock",
				"${PODS_ROOT}/Manifest.lock",
			);
			name = "[CP] Check Pods Manifest.lock";
			outputPaths = (
				"$(DERIVED_FILE_DIR)/Pods-DateCourse-checkManifestLockResult.txt",
			);
			runOnlyForDeploymentPostprocessing = 0;
			shellPath = /bin/sh;
			shellScript = "diff \"${PODS_PODFILE_DIR_PATH}/Podfile.lock\" \"${PODS_ROOT}/Manifest.lock\" > /dev/null\nif [ $? != 0 ] ; then\n    # print error to STDERR\n    echo \"error: The sandbox is not in sync with the Podfile.lock. Run 'pod install' or update your CocoaPods installation.\" >&2\n    exit 1\nfi\n# This output is used by Xcode 'outputs' to avoid re-running this script phase.\necho \"SUCCESS\" > \"${SCRIPT_OUTPUT_FILE_0}\"\n";
			showEnvVarsInLog = 0;
		};
		467188203F2B104E9ECA3CE6 /* [CP] Copy Pods Resources */ = {
			isa = PBXShellScriptBuildPhase;
			buildActionMask = 2147483647;
			files = (
			);
			inputPaths = (
				"${SRCROOT}/Pods/Target Support Files/Pods-DateCourse/Pods-DateCourse-resources.sh",
				"${PODS_ROOT}/GoogleMaps/Maps/Frameworks/GoogleMaps.framework/Resources/GoogleMaps.bundle",
				"${PODS_ROOT}/GooglePlacePicker/Frameworks/GooglePlacePicker.framework/Resources/GooglePlacePicker.bundle",
				"${PODS_ROOT}/GooglePlaces/Frameworks/GooglePlaces.framework/Resources/GooglePlaces.bundle",
			);
			name = "[CP] Copy Pods Resources";
			outputPaths = (
				"${TARGET_BUILD_DIR}/${UNLOCALIZED_RESOURCES_FOLDER_PATH}/GoogleMaps.bundle",
				"${TARGET_BUILD_DIR}/${UNLOCALIZED_RESOURCES_FOLDER_PATH}/GooglePlacePicker.bundle",
				"${TARGET_BUILD_DIR}/${UNLOCALIZED_RESOURCES_FOLDER_PATH}/GooglePlaces.bundle",
			);
			runOnlyForDeploymentPostprocessing = 0;
			shellPath = /bin/sh;
			shellScript = "\"${SRCROOT}/Pods/Target Support Files/Pods-DateCourse/Pods-DateCourse-resources.sh\"\n";
			showEnvVarsInLog = 0;
		};
		4D4047CEB1A87BF241AEA8BB /* [CP] Embed Pods Frameworks */ = {
			isa = PBXShellScriptBuildPhase;
			buildActionMask = 2147483647;
			files = (
			);
			inputPaths = (
				"${SRCROOT}/Pods/Target Support Files/Pods-DateCourse/Pods-DateCourse-frameworks.sh",
				"${BUILT_PRODUCTS_DIR}/Alamofire/Alamofire.framework",
				"${BUILT_PRODUCTS_DIR}/AlamofireImage/AlamofireImage.framework",
				"${BUILT_PRODUCTS_DIR}/GTMSessionFetcher/GTMSessionFetcher.framework",
				"${BUILT_PRODUCTS_DIR}/GoogleUtilities/GoogleUtilities.framework",
				"${BUILT_PRODUCTS_DIR}/leveldb-library/leveldb.framework",
			);
			name = "[CP] Embed Pods Frameworks";
			outputPaths = (
				"${TARGET_BUILD_DIR}/${FRAMEWORKS_FOLDER_PATH}/Alamofire.framework",
				"${TARGET_BUILD_DIR}/${FRAMEWORKS_FOLDER_PATH}/AlamofireImage.framework",
				"${TARGET_BUILD_DIR}/${FRAMEWORKS_FOLDER_PATH}/GTMSessionFetcher.framework",
				"${TARGET_BUILD_DIR}/${FRAMEWORKS_FOLDER_PATH}/GoogleUtilities.framework",
				"${TARGET_BUILD_DIR}/${FRAMEWORKS_FOLDER_PATH}/leveldb.framework",
			);
			runOnlyForDeploymentPostprocessing = 0;
			shellPath = /bin/sh;
			shellScript = "\"${SRCROOT}/Pods/Target Support Files/Pods-DateCourse/Pods-DateCourse-frameworks.sh\"\n";
			showEnvVarsInLog = 0;
		};
		568F2239426159F60AAD7172 /* [CP] Embed Pods Frameworks */ = {
			isa = PBXShellScriptBuildPhase;
			buildActionMask = 2147483647;
			files = (
			);
			inputPaths = (
			);
			name = "[CP] Embed Pods Frameworks";
			outputPaths = (
			);
			runOnlyForDeploymentPostprocessing = 0;
			shellPath = /bin/sh;
			shellScript = "\"${SRCROOT}/Pods/Target Support Files/Pods-DateCourseTests/Pods-DateCourseTests-frameworks.sh\"\n";
			showEnvVarsInLog = 0;
		};
		D1E9D6C1E4613BE91F56785C /* [CP] Copy Pods Resources */ = {
			isa = PBXShellScriptBuildPhase;
			buildActionMask = 2147483647;
			files = (
			);
			inputPaths = (
			);
			name = "[CP] Copy Pods Resources";
			outputPaths = (
			);
			runOnlyForDeploymentPostprocessing = 0;
			shellPath = /bin/sh;
			shellScript = "\"${SRCROOT}/Pods/Target Support Files/Pods-DateCourseUITests/Pods-DateCourseUITests-resources.sh\"\n";
			showEnvVarsInLog = 0;
		};
		D859E9475C1FFC77E6F3CABA /* [CP] Copy Pods Resources */ = {
			isa = PBXShellScriptBuildPhase;
			buildActionMask = 2147483647;
			files = (
			);
			inputPaths = (
			);
			name = "[CP] Copy Pods Resources";
			outputPaths = (
			);
			runOnlyForDeploymentPostprocessing = 0;
			shellPath = /bin/sh;
			shellScript = "\"${SRCROOT}/Pods/Target Support Files/Pods-DateCourseTests/Pods-DateCourseTests-resources.sh\"\n";
			showEnvVarsInLog = 0;
		};
		E17706076A4DA29B35F15090 /* [CP] Check Pods Manifest.lock */ = {
			isa = PBXShellScriptBuildPhase;
			buildActionMask = 2147483647;
			files = (
			);
			inputPaths = (
				"${PODS_PODFILE_DIR_PATH}/Podfile.lock",
				"${PODS_ROOT}/Manifest.lock",
			);
			name = "[CP] Check Pods Manifest.lock";
			outputPaths = (
				"$(DERIVED_FILE_DIR)/Pods-DateCourseUITests-checkManifestLockResult.txt",
			);
			runOnlyForDeploymentPostprocessing = 0;
			shellPath = /bin/sh;
			shellScript = "diff \"${PODS_PODFILE_DIR_PATH}/Podfile.lock\" \"${PODS_ROOT}/Manifest.lock\" > /dev/null\nif [ $? != 0 ] ; then\n    # print error to STDERR\n    echo \"error: The sandbox is not in sync with the Podfile.lock. Run 'pod install' or update your CocoaPods installation.\" >&2\n    exit 1\nfi\n# This output is used by Xcode 'outputs' to avoid re-running this script phase.\necho \"SUCCESS\" > \"${SCRIPT_OUTPUT_FILE_0}\"\n";
			showEnvVarsInLog = 0;
		};
		EFF283C89FB7FDDCB9C65CCE /* [CP] Embed Pods Frameworks */ = {
			isa = PBXShellScriptBuildPhase;
			buildActionMask = 2147483647;
			files = (
			);
			inputPaths = (
			);
			name = "[CP] Embed Pods Frameworks";
			outputPaths = (
			);
			runOnlyForDeploymentPostprocessing = 0;
			shellPath = /bin/sh;
			shellScript = "\"${SRCROOT}/Pods/Target Support Files/Pods-DateCourseUITests/Pods-DateCourseUITests-frameworks.sh\"\n";
			showEnvVarsInLog = 0;
		};
/* End PBXShellScriptBuildPhase section */

/* Begin PBXSourcesBuildPhase section */
		053AE35F1FBE1B5100B83B65 /* Sources */ = {
			isa = PBXSourcesBuildPhase;
			buildActionMask = 2147483647;
			files = (
				05BFC1FA1FC898F80029BC2C /* DataModel.swift in Sources */,
				057463621FCB683C00ACCF7A /* test.swift in Sources */,
				0586B4BA20B5141C00C8C634 /* MainTabBarController.swift in Sources */,
				0564AF7D2068B338006581E3 /* FirebaseClient.swift in Sources */,
				057463601FCA5AC800ACCF7A /* CourseInfoItineraryViewController.swift in Sources */,
				05F0D62C21371F0F004D8339 /* CurrentItinerary.swift in Sources */,
				05900FE12065AB8300601D07 /* CourseCollectionViewCell.swift in Sources */,
				0574635C1FC90FF000ACCF7A /* addCourseItinerary.swift in Sources */,
				05BFC1FC1FC909560029BC2C /* addCourseMap.swift in Sources */,
				053AE3971FBE3AF700B83B65 /* SignUpViewController.swift in Sources */,
				0574635E1FCA5ABB00ACCF7A /* CourseInfoMapViewController.swift in Sources */,
				057FC1A62135278600D528EE /* CustomImageView.swift in Sources */,
				053AE3691FBE1B5100B83B65 /* LogInViewController.swift in Sources */,
				0586B4B820B50DC700C8C634 /* EmptyVCViewController.swift in Sources */,
				053AE3671FBE1B5100B83B65 /* AppDelegate.swift in Sources */,
				0564AF7F206A2FDD006581E3 /* SectionHeaderView.swift in Sources */,
				05BEFC7B1FC2C7EC00A6EE0E /* MainViewController.swift in Sources */,
				053D9F161FD1F501007A883F /* ItineraryCell.swift in Sources */,
				053E4A1F20B78AB30005E0E4 /* TempViewController.swift in Sources */,
				05BFC1F81FC810720029BC2C /* CourseCell.swift in Sources */,
				05BFC1F41FC80BE90029BC2C /* CourseData.swift in Sources */,
				053E4A1D20B784650005E0E4 /* User.swift in Sources */,
			);
			runOnlyForDeploymentPostprocessing = 0;
		};
		053AE3731FBE1B5100B83B65 /* Sources */ = {
			isa = PBXSourcesBuildPhase;
			buildActionMask = 2147483647;
			files = (
				053AE37C1FBE1B5100B83B65 /* DateCourseTests.swift in Sources */,
			);
			runOnlyForDeploymentPostprocessing = 0;
		};
		053AE37E1FBE1B5100B83B65 /* Sources */ = {
			isa = PBXSourcesBuildPhase;
			buildActionMask = 2147483647;
			files = (
				053AE3871FBE1B5100B83B65 /* DateCourseUITests.swift in Sources */,
			);
			runOnlyForDeploymentPostprocessing = 0;
		};
/* End PBXSourcesBuildPhase section */

/* Begin PBXTargetDependency section */
		053AE3791FBE1B5100B83B65 /* PBXTargetDependency */ = {
			isa = PBXTargetDependency;
			target = 053AE3621FBE1B5100B83B65 /* DateCourse */;
			targetProxy = 053AE3781FBE1B5100B83B65 /* PBXContainerItemProxy */;
		};
		053AE3841FBE1B5100B83B65 /* PBXTargetDependency */ = {
			isa = PBXTargetDependency;
			target = 053AE3621FBE1B5100B83B65 /* DateCourse */;
			targetProxy = 053AE3831FBE1B5100B83B65 /* PBXContainerItemProxy */;
		};
/* End PBXTargetDependency section */

/* Begin PBXVariantGroup section */
		053AE36A1FBE1B5100B83B65 /* Main.storyboard */ = {
			isa = PBXVariantGroup;
			children = (
				053AE36B1FBE1B5100B83B65 /* Base */,
			);
			name = Main.storyboard;
			sourceTree = "<group>";
		};
		053AE36F1FBE1B5100B83B65 /* LaunchScreen.storyboard */ = {
			isa = PBXVariantGroup;
			children = (
				053AE3701FBE1B5100B83B65 /* Base */,
			);
			name = LaunchScreen.storyboard;
			sourceTree = "<group>";
		};
/* End PBXVariantGroup section */

/* Begin XCBuildConfiguration section */
		053AE3891FBE1B5100B83B65 /* Debug */ = {
			isa = XCBuildConfiguration;
			buildSettings = {
				ALWAYS_SEARCH_USER_PATHS = NO;
				CLANG_ANALYZER_NONNULL = YES;
				CLANG_ANALYZER_NUMBER_OBJECT_CONVERSION = YES_AGGRESSIVE;
				CLANG_CXX_LANGUAGE_STANDARD = "gnu++14";
				CLANG_CXX_LIBRARY = "libc++";
				CLANG_ENABLE_MODULES = YES;
				CLANG_ENABLE_OBJC_ARC = YES;
				CLANG_WARN_BLOCK_CAPTURE_AUTORELEASING = YES;
				CLANG_WARN_BOOL_CONVERSION = YES;
				CLANG_WARN_COMMA = YES;
				CLANG_WARN_CONSTANT_CONVERSION = YES;
				CLANG_WARN_DIRECT_OBJC_ISA_USAGE = YES_ERROR;
				CLANG_WARN_DOCUMENTATION_COMMENTS = YES;
				CLANG_WARN_EMPTY_BODY = YES;
				CLANG_WARN_ENUM_CONVERSION = YES;
				CLANG_WARN_INFINITE_RECURSION = YES;
				CLANG_WARN_INT_CONVERSION = YES;
				CLANG_WARN_NON_LITERAL_NULL_CONVERSION = YES;
				CLANG_WARN_OBJC_LITERAL_CONVERSION = YES;
				CLANG_WARN_OBJC_ROOT_CLASS = YES_ERROR;
				CLANG_WARN_RANGE_LOOP_ANALYSIS = YES;
				CLANG_WARN_STRICT_PROTOTYPES = YES;
				CLANG_WARN_SUSPICIOUS_MOVE = YES;
				CLANG_WARN_UNGUARDED_AVAILABILITY = YES_AGGRESSIVE;
				CLANG_WARN_UNREACHABLE_CODE = YES;
				CLANG_WARN__DUPLICATE_METHOD_MATCH = YES;
				CODE_SIGN_IDENTITY = "iPhone Developer";
				COPY_PHASE_STRIP = NO;
				DEBUG_INFORMATION_FORMAT = dwarf;
				ENABLE_STRICT_OBJC_MSGSEND = YES;
				ENABLE_TESTABILITY = YES;
				GCC_C_LANGUAGE_STANDARD = gnu11;
				GCC_DYNAMIC_NO_PIC = NO;
				GCC_NO_COMMON_BLOCKS = YES;
				GCC_OPTIMIZATION_LEVEL = 0;
				GCC_PREPROCESSOR_DEFINITIONS = (
					"DEBUG=1",
					"$(inherited)",
				);
				GCC_WARN_64_TO_32_BIT_CONVERSION = YES;
				GCC_WARN_ABOUT_RETURN_TYPE = YES_ERROR;
				GCC_WARN_UNDECLARED_SELECTOR = YES;
				GCC_WARN_UNINITIALIZED_AUTOS = YES_AGGRESSIVE;
				GCC_WARN_UNUSED_FUNCTION = YES;
				GCC_WARN_UNUSED_VARIABLE = YES;
				IPHONEOS_DEPLOYMENT_TARGET = 11.0;
				MTL_ENABLE_DEBUG_INFO = YES;
				ONLY_ACTIVE_ARCH = YES;
				SDKROOT = iphoneos;
				SWIFT_ACTIVE_COMPILATION_CONDITIONS = DEBUG;
				SWIFT_OPTIMIZATION_LEVEL = "-Onone";
			};
			name = Debug;
		};
		053AE38A1FBE1B5100B83B65 /* Release */ = {
			isa = XCBuildConfiguration;
			buildSettings = {
				ALWAYS_SEARCH_USER_PATHS = NO;
				CLANG_ANALYZER_NONNULL = YES;
				CLANG_ANALYZER_NUMBER_OBJECT_CONVERSION = YES_AGGRESSIVE;
				CLANG_CXX_LANGUAGE_STANDARD = "gnu++14";
				CLANG_CXX_LIBRARY = "libc++";
				CLANG_ENABLE_MODULES = YES;
				CLANG_ENABLE_OBJC_ARC = YES;
				CLANG_WARN_BLOCK_CAPTURE_AUTORELEASING = YES;
				CLANG_WARN_BOOL_CONVERSION = YES;
				CLANG_WARN_COMMA = YES;
				CLANG_WARN_CONSTANT_CONVERSION = YES;
				CLANG_WARN_DIRECT_OBJC_ISA_USAGE = YES_ERROR;
				CLANG_WARN_DOCUMENTATION_COMMENTS = YES;
				CLANG_WARN_EMPTY_BODY = YES;
				CLANG_WARN_ENUM_CONVERSION = YES;
				CLANG_WARN_INFINITE_RECURSION = YES;
				CLANG_WARN_INT_CONVERSION = YES;
				CLANG_WARN_NON_LITERAL_NULL_CONVERSION = YES;
				CLANG_WARN_OBJC_LITERAL_CONVERSION = YES;
				CLANG_WARN_OBJC_ROOT_CLASS = YES_ERROR;
				CLANG_WARN_RANGE_LOOP_ANALYSIS = YES;
				CLANG_WARN_STRICT_PROTOTYPES = YES;
				CLANG_WARN_SUSPICIOUS_MOVE = YES;
				CLANG_WARN_UNGUARDED_AVAILABILITY = YES_AGGRESSIVE;
				CLANG_WARN_UNREACHABLE_CODE = YES;
				CLANG_WARN__DUPLICATE_METHOD_MATCH = YES;
				CODE_SIGN_IDENTITY = "iPhone Developer";
				COPY_PHASE_STRIP = NO;
				DEBUG_INFORMATION_FORMAT = "dwarf-with-dsym";
				ENABLE_NS_ASSERTIONS = NO;
				ENABLE_STRICT_OBJC_MSGSEND = YES;
				GCC_C_LANGUAGE_STANDARD = gnu11;
				GCC_NO_COMMON_BLOCKS = YES;
				GCC_WARN_64_TO_32_BIT_CONVERSION = YES;
				GCC_WARN_ABOUT_RETURN_TYPE = YES_ERROR;
				GCC_WARN_UNDECLARED_SELECTOR = YES;
				GCC_WARN_UNINITIALIZED_AUTOS = YES_AGGRESSIVE;
				GCC_WARN_UNUSED_FUNCTION = YES;
				GCC_WARN_UNUSED_VARIABLE = YES;
				IPHONEOS_DEPLOYMENT_TARGET = 11.0;
				MTL_ENABLE_DEBUG_INFO = NO;
				SDKROOT = iphoneos;
				SWIFT_OPTIMIZATION_LEVEL = "-Owholemodule";
				VALIDATE_PRODUCT = YES;
			};
			name = Release;
		};
		053AE38C1FBE1B5100B83B65 /* Debug */ = {
			isa = XCBuildConfiguration;
			baseConfigurationReference = 0656A0882E06480735CD7E7E /* Pods-DateCourse.debug.xcconfig */;
			buildSettings = {
				ASSETCATALOG_COMPILER_APPICON_NAME = AppIcon;
				CODE_SIGN_STYLE = Automatic;
				DEVELOPMENT_TEAM = SQDBFLM6WF;
				INFOPLIST_FILE = DateCourse/Info.plist;
				IPHONEOS_DEPLOYMENT_TARGET = 11.3;
				LD_RUNPATH_SEARCH_PATHS = "$(inherited) @executable_path/Frameworks";
				PRODUCT_BUNDLE_IDENTIFIER = moon.DateCourse;
				PRODUCT_NAME = "$(TARGET_NAME)";
				SWIFT_VERSION = 4.0;
				TARGETED_DEVICE_FAMILY = 1;
			};
			name = Debug;
		};
		053AE38D1FBE1B5100B83B65 /* Release */ = {
			isa = XCBuildConfiguration;
			baseConfigurationReference = F2F69095E5DAA653C4FBE3CE /* Pods-DateCourse.release.xcconfig */;
			buildSettings = {
				ASSETCATALOG_COMPILER_APPICON_NAME = AppIcon;
				CODE_SIGN_STYLE = Automatic;
				DEVELOPMENT_TEAM = SQDBFLM6WF;
				INFOPLIST_FILE = DateCourse/Info.plist;
				IPHONEOS_DEPLOYMENT_TARGET = 11.3;
				LD_RUNPATH_SEARCH_PATHS = "$(inherited) @executable_path/Frameworks";
				PRODUCT_BUNDLE_IDENTIFIER = moon.DateCourse;
				PRODUCT_NAME = "$(TARGET_NAME)";
				SWIFT_VERSION = 4.0;
				TARGETED_DEVICE_FAMILY = 1;
			};
			name = Release;
		};
		053AE38F1FBE1B5100B83B65 /* Debug */ = {
			isa = XCBuildConfiguration;
			baseConfigurationReference = CCDB6419DE974DF07CC0992D /* Pods-DateCourseTests.debug.xcconfig */;
			buildSettings = {
				ALWAYS_EMBED_SWIFT_STANDARD_LIBRARIES = YES;
				BUNDLE_LOADER = "$(TEST_HOST)";
				CODE_SIGN_STYLE = Automatic;
				DEVELOPMENT_TEAM = SQDBFLM6WF;
				INFOPLIST_FILE = DateCourseTests/Info.plist;
				LD_RUNPATH_SEARCH_PATHS = "$(inherited) @executable_path/Frameworks @loader_path/Frameworks";
				PRODUCT_BUNDLE_IDENTIFIER = moon.DateCourseTests;
				PRODUCT_NAME = "$(TARGET_NAME)";
				SWIFT_VERSION = 4.0;
				TARGETED_DEVICE_FAMILY = "1,2";
				TEST_HOST = "$(BUILT_PRODUCTS_DIR)/DateCourse.app/DateCourse";
			};
			name = Debug;
		};
		053AE3901FBE1B5100B83B65 /* Release */ = {
			isa = XCBuildConfiguration;
			baseConfigurationReference = 3AB8CDEB0197C7CEB5AEEB24 /* Pods-DateCourseTests.release.xcconfig */;
			buildSettings = {
				ALWAYS_EMBED_SWIFT_STANDARD_LIBRARIES = YES;
				BUNDLE_LOADER = "$(TEST_HOST)";
				CODE_SIGN_STYLE = Automatic;
				DEVELOPMENT_TEAM = SQDBFLM6WF;
				INFOPLIST_FILE = DateCourseTests/Info.plist;
				LD_RUNPATH_SEARCH_PATHS = "$(inherited) @executable_path/Frameworks @loader_path/Frameworks";
				PRODUCT_BUNDLE_IDENTIFIER = moon.DateCourseTests;
				PRODUCT_NAME = "$(TARGET_NAME)";
				SWIFT_VERSION = 4.0;
				TARGETED_DEVICE_FAMILY = "1,2";
				TEST_HOST = "$(BUILT_PRODUCTS_DIR)/DateCourse.app/DateCourse";
			};
			name = Release;
		};
		053AE3921FBE1B5100B83B65 /* Debug */ = {
			isa = XCBuildConfiguration;
			baseConfigurationReference = 099F0EB2152B2C590C9E3FFF /* Pods-DateCourseUITests.debug.xcconfig */;
			buildSettings = {
				ALWAYS_EMBED_SWIFT_STANDARD_LIBRARIES = YES;
				CODE_SIGN_STYLE = Automatic;
				DEVELOPMENT_TEAM = SQDBFLM6WF;
				INFOPLIST_FILE = DateCourseUITests/Info.plist;
				LD_RUNPATH_SEARCH_PATHS = "$(inherited) @executable_path/Frameworks @loader_path/Frameworks";
				PRODUCT_BUNDLE_IDENTIFIER = moon.DateCourseUITests;
				PRODUCT_NAME = "$(TARGET_NAME)";
				SWIFT_VERSION = 4.0;
				TARGETED_DEVICE_FAMILY = "1,2";
				TEST_TARGET_NAME = DateCourse;
			};
			name = Debug;
		};
		053AE3931FBE1B5100B83B65 /* Release */ = {
			isa = XCBuildConfiguration;
			baseConfigurationReference = B1F458BD997E4823773FE75F /* Pods-DateCourseUITests.release.xcconfig */;
			buildSettings = {
				ALWAYS_EMBED_SWIFT_STANDARD_LIBRARIES = YES;
				CODE_SIGN_STYLE = Automatic;
				DEVELOPMENT_TEAM = SQDBFLM6WF;
				INFOPLIST_FILE = DateCourseUITests/Info.plist;
				LD_RUNPATH_SEARCH_PATHS = "$(inherited) @executable_path/Frameworks @loader_path/Frameworks";
				PRODUCT_BUNDLE_IDENTIFIER = moon.DateCourseUITests;
				PRODUCT_NAME = "$(TARGET_NAME)";
				SWIFT_VERSION = 4.0;
				TARGETED_DEVICE_FAMILY = "1,2";
				TEST_TARGET_NAME = DateCourse;
			};
			name = Release;
		};
/* End XCBuildConfiguration section */

/* Begin XCConfigurationList section */
		053AE35E1FBE1B5100B83B65 /* Build configuration list for PBXProject "DateCourse" */ = {
			isa = XCConfigurationList;
			buildConfigurations = (
				053AE3891FBE1B5100B83B65 /* Debug */,
				053AE38A1FBE1B5100B83B65 /* Release */,
			);
			defaultConfigurationIsVisible = 0;
			defaultConfigurationName = Release;
		};
		053AE38B1FBE1B5100B83B65 /* Build configuration list for PBXNativeTarget "DateCourse" */ = {
			isa = XCConfigurationList;
			buildConfigurations = (
				053AE38C1FBE1B5100B83B65 /* Debug */,
				053AE38D1FBE1B5100B83B65 /* Release */,
			);
			defaultConfigurationIsVisible = 0;
			defaultConfigurationName = Release;
		};
		053AE38E1FBE1B5100B83B65 /* Build configuration list for PBXNativeTarget "DateCourseTests" */ = {
			isa = XCConfigurationList;
			buildConfigurations = (
				053AE38F1FBE1B5100B83B65 /* Debug */,
				053AE3901FBE1B5100B83B65 /* Release */,
			);
			defaultConfigurationIsVisible = 0;
			defaultConfigurationName = Release;
		};
		053AE3911FBE1B5100B83B65 /* Build configuration list for PBXNativeTarget "DateCourseUITests" */ = {
			isa = XCConfigurationList;
			buildConfigurations = (
				053AE3921FBE1B5100B83B65 /* Debug */,
				053AE3931FBE1B5100B83B65 /* Release */,
			);
			defaultConfigurationIsVisible = 0;
			defaultConfigurationName = Release;
		};
/* End XCConfigurationList section */
	};
	rootObject = 053AE35B1FBE1B5100B83B65 /* Project object */;
}
