PODS:
  - Alamofire (4.7.3)
  - AlamofireImage (3.3.1):
    - Alamofire (~> 4.5)
  - Firebase/Auth (5.6.0):
    - Firebase/CoreOnly
    - FirebaseAuth (= 5.0.3)
  - Firebase/CoreOnly (5.6.0):
    - FirebaseCore (= 5.1.1)
  - Firebase/Database (5.6.0):
    - Firebase/CoreOnly
    - FirebaseDatabase (= 5.0.2)
  - Firebase/Storage (5.6.0):
    - Firebase/CoreOnly
    - FirebaseStorage (= 3.0.0)
  - FirebaseAuth (5.0.3):
    - FirebaseAuthInterop (~> 1.0)
    - FirebaseCore (~> 5.0)
    - GoogleUtilities/Environment (~> 5.2)
    - GTMSessionFetcher/Core (~> 1.1)
  - FirebaseAuthInterop (1.0.0)
  - FirebaseCore (5.1.1):
    - GoogleUtilities/Logger (~> 5.2)
  - FirebaseDatabase (5.0.2):
    - FirebaseCore (~> 5.0)
    - leveldb-library (~> 1.18)
  - FirebaseStorage (3.0.0):
    - FirebaseCore (~> 5.0)
    - GTMSessionFetcher/Core (~> 1.1)
  - GoogleMaps (2.7.0):
    - GoogleMaps/Maps (= 2.7.0)
  - GoogleMaps/Base (2.7.0)
  - GoogleMaps/Maps (2.7.0):
    - GoogleMaps/Base
  - GooglePlacePicker (2.7.0):
    - GoogleMaps (= 2.7.0)
    - GooglePlaces (= 2.7.0)
  - GooglePlaces (2.7.0):
    - GoogleMaps/Base (= 2.7.0)
  - GoogleUtilities/Environment (5.2.2)
  - GoogleUtilities/Logger (5.2.2):
    - GoogleUtilities/Environment
  - GTMSessionFetcher/Core (1.2.0)
  - JGProgressHUD (2.0.3)
  - leveldb-library (1.20)
  - SCLAlertView (0.8)

DEPENDENCIES:
  - Alamofire
  - AlamofireImage
  - Firebase/Auth
  - Firebase/Database
  - Firebase/Storage
  - GoogleMaps
  - GooglePlacePicker
  - GooglePlaces
  - JGProgressHUD
  - SCLAlertView

SPEC CHECKSUMS:
  Alamofire: c7287b6e5d7da964a70935e5db17046b7fde6568
  AlamofireImage: 3b35b586853abaf94ca1250f4e94cff3c21a4c0d
  Firebase: 75ea9e232eefa158c1049028030b8f661a2ccb62
  FirebaseAuth: 657a25e4be044d2d333663ebf515a861c5a59cd7
  FirebaseAuthInterop: 0ffa57668be100582bb7643d4fcb7615496c41fc
  FirebaseCore: cb9ee75e0894def766167c95a4d5a14b1c138269
  FirebaseDatabase: 27be5ac5bc75e0b17537b2bbfada8258addcc8cd
  FirebaseStorage: 7ca4bb7b58a25fa647b04f524033fc7cb7eb272b
  GoogleMaps: f79af95cb24d869457b1f961c93d3ce8b2f3b848
  GooglePlacePicker: 59ea44db173c58486ad6123993e81feefcbce9c3
  GooglePlaces: 3d06e6c99654545b4738ce49648745779c25f2ef
  GoogleUtilities: 06b66f9567769a7958db20a92f0128b2843e49d5
  GTMSessionFetcher: 0c4baf0a73acd0041bf9f71ea018deedab5ea84e
  JGProgressHUD: 12b20a8f4ffe05258f8635c1ab92816e451f904d
  leveldb-library: 08cba283675b7ed2d99629a4bc5fd052cd2bb6a5
  SCLAlertView: 6a77bb2edfc65e04dbe57725546cb4107a506b85

PODFILE CHECKSUM: da0bafd83e4e88a814aef14185234c779ee34319

COCOAPODS: 1.4.0
